
Microsoft Visual Studio Solution File, Format Version 12.00
# Visual Studio Version 16
VisualStudioVersion = 16.0.31313.79
MinimumVisualStudioVersion = 10.0.40219.1
Project("{9A19103F-16F7-4668-BE54-9A1E7A4F7556}") = "PS8", "PS8.csproj", "{66A4A4C6-C2DD-4D72-B42A-2AC7DE9473DA}"
EndProject
Global
	GlobalSection(SolutionConfigurationPlatforms) = preSolution
		Debug|Any CPU = Debug|Any CPU
		Release|Any CPU = Release|Any CPU
	EndGlobalSection
	GlobalSection(ProjectConfigurationPlatforms) = postSolution
		{66A4A4C6-C2DD-4D72-B42A-2AC7DE9473DA}.Debug|Any CPU.ActiveCfg = Debug|Any CPU
		{66A4A4C6-C2DD-4D72-B42A-2AC7DE9473DA}.Debug|Any CPU.Build.0 = Debug|Any CPU
		{66A4A4C6-C2DD-4D72-B42A-2AC7DE9473DA}.Release|Any CPU.ActiveCfg = Release|Any CPU
		{66A4A4C6-C2DD-4D72-B42A-2AC7DE9473DA}.Release|Any CPU.Build.0 = Release|Any CPU
	EndGlobalSection
	GlobalSection(SolutionProperties) = preSolution
		HideSolutionNode = FALSE
	EndGlobalSection
	GlobalSection(ExtensibilityGlobals) = postSolution
		SolutionGuid = {56911483-4ED4-42C9-8C1B-E560EA9971A7}
	EndGlobalSection
EndGlobal
